
Microsoft Visual Studio Solution File, Format Version 12.00
# Visual Studio Version 17
VisualStudioVersion = 17.3.32929.385
MinimumVisualStudioVersion = 10.0.40219.1
Project("{FAE04EC0-301F-11D3-BF4B-00C04F79EFBC}") = "ReceiveRabbitMQ", "ReceiveRabbitMQ\ReceiveRabbitMQ.csproj", "{79223CC5-56A1-4A70-97CC-497F1B84DCC8}"
EndProject
Global
	GlobalSection(SolutionConfigurationPlatforms) = preSolution
		Debug|Any CPU = Debug|Any CPU
		Release|Any CPU = Release|Any CPU
	EndGlobalSection
	GlobalSection(ProjectConfigurationPlatforms) = postSolution
		{79223CC5-56A1-4A70-97CC-497F1B84DCC8}.Debug|Any CPU.ActiveCfg = Debug|Any CPU
		{79223CC5-56A1-4A70-97CC-497F1B84DCC8}.Debug|Any CPU.Build.0 = Debug|Any CPU
		{79223CC5-56A1-4A70-97CC-497F1B84DCC8}.Release|Any CPU.ActiveCfg = Release|Any CPU
		{79223CC5-56A1-4A70-97CC-497F1B84DCC8}.Release|Any CPU.Build.0 = Release|Any CPU
	EndGlobalSection
	GlobalSection(SolutionProperties) = preSolution
		HideSolutionNode = FALSE
	EndGlobalSection
	GlobalSection(ExtensibilityGlobals) = postSolution
		SolutionGuid = {EB0E8270-3398-4766-9637-8FFD7E56DDA5}
	EndGlobalSection
EndGlobal
