
Microsoft Visual Studio Solution File, Format Version 12.00
# Visual Studio Version 17
VisualStudioVersion = 17.4.33110.190
MinimumVisualStudioVersion = 10.0.40219.1
Project("{FAE04EC0-301F-11D3-BF4B-00C04F79EFBC}") = "Consumer1", "Consumer1\Consumer1.csproj", "{C5700933-18C7-438B-AEBF-855A2E58923B}"
EndProject
Global
	GlobalSection(SolutionConfigurationPlatforms) = preSolution
		Debug|Any CPU = Debug|Any CPU
		Release|Any CPU = Release|Any CPU
	EndGlobalSection
	GlobalSection(ProjectConfigurationPlatforms) = postSolution
		{C5700933-18C7-438B-AEBF-855A2E58923B}.Debug|Any CPU.ActiveCfg = Debug|Any CPU
		{C5700933-18C7-438B-AEBF-855A2E58923B}.Debug|Any CPU.Build.0 = Debug|Any CPU
		{C5700933-18C7-438B-AEBF-855A2E58923B}.Release|Any CPU.ActiveCfg = Release|Any CPU
		{C5700933-18C7-438B-AEBF-855A2E58923B}.Release|Any CPU.Build.0 = Release|Any CPU
	EndGlobalSection
	GlobalSection(SolutionProperties) = preSolution
		HideSolutionNode = FALSE
	EndGlobalSection
	GlobalSection(ExtensibilityGlobals) = postSolution
		SolutionGuid = {1349AC24-CDC1-401F-8B77-3844B4AA791B}
	EndGlobalSection
EndGlobal
