
Microsoft Visual Studio Solution File, Format Version 12.00
# Visual Studio Version 17
VisualStudioVersion = 17.3.32929.385
MinimumVisualStudioVersion = 10.0.40219.1
Project("{FAE04EC0-301F-11D3-BF4B-00C04F79EFBC}") = "Sender", "Sender\Sender.csproj", "{FB19A73C-2E49-410F-A187-0E47DF165254}"
EndProject
Global
	GlobalSection(SolutionConfigurationPlatforms) = preSolution
		Debug|Any CPU = Debug|Any CPU
		Release|Any CPU = Release|Any CPU
	EndGlobalSection
	GlobalSection(ProjectConfigurationPlatforms) = postSolution
		{FB19A73C-2E49-410F-A187-0E47DF165254}.Debug|Any CPU.ActiveCfg = Debug|Any CPU
		{FB19A73C-2E49-410F-A187-0E47DF165254}.Debug|Any CPU.Build.0 = Debug|Any CPU
		{FB19A73C-2E49-410F-A187-0E47DF165254}.Release|Any CPU.ActiveCfg = Release|Any CPU
		{FB19A73C-2E49-410F-A187-0E47DF165254}.Release|Any CPU.Build.0 = Release|Any CPU
	EndGlobalSection
	GlobalSection(SolutionProperties) = preSolution
		HideSolutionNode = FALSE
	EndGlobalSection
	GlobalSection(ExtensibilityGlobals) = postSolution
		SolutionGuid = {06CE41A7-0B5B-4265-AA18-3E5D843495D3}
	EndGlobalSection
EndGlobal
