
Microsoft Visual Studio Solution File, Format Version 12.00
# Visual Studio Version 17
VisualStudioVersion = 17.4.33110.190
MinimumVisualStudioVersion = 10.0.40219.1
Project("{FAE04EC0-301F-11D3-BF4B-00C04F79EFBC}") = "Producent", "Producent\Producent.csproj", "{B5ABB469-C759-454F-A1E6-F06EF2F432F0}"
EndProject
Global
	GlobalSection(SolutionConfigurationPlatforms) = preSolution
		Debug|Any CPU = Debug|Any CPU
		Release|Any CPU = Release|Any CPU
	EndGlobalSection
	GlobalSection(ProjectConfigurationPlatforms) = postSolution
		{B5ABB469-C759-454F-A1E6-F06EF2F432F0}.Debug|Any CPU.ActiveCfg = Debug|Any CPU
		{B5ABB469-C759-454F-A1E6-F06EF2F432F0}.Debug|Any CPU.Build.0 = Debug|Any CPU
		{B5ABB469-C759-454F-A1E6-F06EF2F432F0}.Release|Any CPU.ActiveCfg = Release|Any CPU
		{B5ABB469-C759-454F-A1E6-F06EF2F432F0}.Release|Any CPU.Build.0 = Release|Any CPU
	EndGlobalSection
	GlobalSection(SolutionProperties) = preSolution
		HideSolutionNode = FALSE
	EndGlobalSection
	GlobalSection(ExtensibilityGlobals) = postSolution
		SolutionGuid = {2AAE9FE8-3C13-447B-8D5E-11A8F4B039FE}
	EndGlobalSection
EndGlobal
